// !$*UTF8*$!
{
	archiveVersion = 1;
	classes = {
	};
	objectVersion = 46;
	objects = {

/* Begin PBXBuildFile section */
		84009E9419ADD3960096E673 /* AdvancedLogger.cpp in Sources */ = {isa = PBXBuildFile; fileRef = 84009E8119ADD3960096E673 /* AdvancedLogger.cpp */; };
		84009E9519ADD3960096E673 /* Console.cpp in Sources */ = {isa = PBXBuildFile; fileRef = 84009E8319ADD3960096E673 /* Console.cpp */; };
		84009E9619ADD3960096E673 /* DataConcentrator.cpp in Sources */ = {isa = PBXBuildFile; fileRef = 84009E8519ADD3960096E673 /* DataConcentrator.cpp */; };
		84009E9719ADD3960096E673 /* DataConnector.cpp in Sources */ = {isa = PBXBuildFile; fileRef = 84009E8719ADD3960096E673 /* DataConnector.cpp */; };
		84009E9819ADD3960096E673 /* logging_cmds.cpp in Sources */ = {isa = PBXBuildFile; fileRef = 84009E8A19ADD3960096E673 /* logging_cmds.cpp */; };
		84009E9919ADD3960096E673 /* LogToFile.cpp in Sources */ = {isa = PBXBuildFile; fileRef = 84009E8C19ADD3960096E673 /* LogToFile.cpp */; };
		84009E9A19ADD3960096E673 /* main.cpp in Sources */ = {isa = PBXBuildFile; fileRef = 84009E8E19ADD3960096E673 /* main.cpp */; };
		84009E9B19ADD3960096E673 /* tinycon.cpp in Sources */ = {isa = PBXBuildFile; fileRef = 84009E9219ADD3960096E673 /* tinycon.cpp */; };
		84009ECE19ADD40C0096E673 /* CommandCallbackPromise.h in Headers */ = {isa = PBXBuildFile; fileRef = 84009EC019ADD40C0096E673 /* CommandCallbackPromise.h */; };
		84009ECF19ADD40C0096E673 /* CommandCorrespondant.cpp in Sources */ = {isa = PBXBuildFile; fileRef = 84009EC119ADD40C0096E673 /* CommandCorrespondant.cpp */; };
		84009ED019ADD40C0096E673 /* CommandCorrespondant.h in Headers */ = {isa = PBXBuildFile; fileRef = 84009EC219ADD40C0096E673 /* CommandCorrespondant.h */; };
		84009ED119ADD40C0096E673 /* DNP3MasterPort.cpp in Sources */ = {isa = PBXBuildFile; fileRef = 84009EC319ADD40C0096E673 /* DNP3MasterPort.cpp */; };
		84009ED219ADD40C0096E673 /* DNP3MasterPort.h in Headers */ = {isa = PBXBuildFile; fileRef = 84009EC419ADD40C0096E673 /* DNP3MasterPort.h */; };
		84009ED319ADD40C0096E673 /* DNP3OutstationPort.cpp in Sources */ = {isa = PBXBuildFile; fileRef = 84009EC519ADD40C0096E673 /* DNP3OutstationPort.cpp */; };
		84009ED419ADD40C0096E673 /* DNP3OutstationPort.h in Headers */ = {isa = PBXBuildFile; fileRef = 84009EC619ADD40C0096E673 /* DNP3OutstationPort.h */; };
		84009ED519ADD40C0096E673 /* DNP3PointConf.cpp in Sources */ = {isa = PBXBuildFile; fileRef = 84009EC719ADD40C0096E673 /* DNP3PointConf.cpp */; };
		84009ED619ADD40C0096E673 /* DNP3PointConf.h in Headers */ = {isa = PBXBuildFile; fileRef = 84009EC819ADD40C0096E673 /* DNP3PointConf.h */; };
		84009ED719ADD40C0096E673 /* DNP3Port.cpp in Sources */ = {isa = PBXBuildFile; fileRef = 84009EC919ADD40C0096E673 /* DNP3Port.cpp */; };
		84009ED819ADD40C0096E673 /* DNP3Port.h in Headers */ = {isa = PBXBuildFile; fileRef = 84009ECA19ADD40C0096E673 /* DNP3Port.h */; };
		84009ED919ADD40C0096E673 /* DNP3PortConf.h in Headers */ = {isa = PBXBuildFile; fileRef = 84009ECC19ADD40C0096E673 /* DNP3PortConf.h */; };
		84009EDA19ADD40C0096E673 /* main.cpp in Sources */ = {isa = PBXBuildFile; fileRef = 84009ECD19ADD40C0096E673 /* main.cpp */; };
		84009EE619ADD4140096E673 /* json-forwards.h in Headers */ = {isa = PBXBuildFile; fileRef = 84009EE019ADD4140096E673 /* json-forwards.h */; };
		84009EE719ADD4140096E673 /* json.h in Headers */ = {isa = PBXBuildFile; fileRef = 84009EE119ADD4140096E673 /* json.h */; };
		84009EE819ADD4140096E673 /* jsoncpp.cpp in Sources */ = {isa = PBXBuildFile; fileRef = 84009EE519ADD4140096E673 /* jsoncpp.cpp */; };
		84009EF819ADD41B0096E673 /* JSONClientPort.cpp in Sources */ = {isa = PBXBuildFile; fileRef = 84009EED19ADD41B0096E673 /* JSONClientPort.cpp */; };
		84009EF919ADD41B0096E673 /* JSONClientPort.h in Headers */ = {isa = PBXBuildFile; fileRef = 84009EEE19ADD41B0096E673 /* JSONClientPort.h */; };
		84009EFA19ADD41B0096E673 /* JSONPointConf.cpp in Sources */ = {isa = PBXBuildFile; fileRef = 84009EEF19ADD41B0096E673 /* JSONPointConf.cpp */; };
		84009EFB19ADD41B0096E673 /* JSONPointConf.h in Headers */ = {isa = PBXBuildFile; fileRef = 84009EF019ADD41B0096E673 /* JSONPointConf.h */; };
		84009EFC19ADD41B0096E673 /* JSONPort.h in Headers */ = {isa = PBXBuildFile; fileRef = 84009EF219ADD41B0096E673 /* JSONPort.h */; };
		84009EFD19ADD41B0096E673 /* JSONPortConf.cpp in Sources */ = {isa = PBXBuildFile; fileRef = 84009EF519ADD41B0096E673 /* JSONPortConf.cpp */; };
		84009EFE19ADD41B0096E673 /* JSONPortConf.h in Headers */ = {isa = PBXBuildFile; fileRef = 84009EF619ADD41B0096E673 /* JSONPortConf.h */; };
		84009EFF19ADD41B0096E673 /* main.cpp in Sources */ = {isa = PBXBuildFile; fileRef = 84009EF719ADD41B0096E673 /* main.cpp */; };
		84009F1019ADD4210096E673 /* ConfigParser.cpp in Sources */ = {isa = PBXBuildFile; fileRef = 84009F0419ADD4210096E673 /* ConfigParser.cpp */; };
		84009F1119ADD4210096E673 /* ConfigParser.h in Headers */ = {isa = PBXBuildFile; fileRef = 84009F0519ADD4210096E673 /* ConfigParser.h */; };
		84009F1219ADD4210096E673 /* DataPointConf.h in Headers */ = {isa = PBXBuildFile; fileRef = 84009F0619ADD4210096E673 /* DataPointConf.h */; };
		84009F1319ADD4210096E673 /* DataPort.h in Headers */ = {isa = PBXBuildFile; fileRef = 84009F0719ADD4210096E673 /* DataPort.h */; };
		84009F1419ADD4210096E673 /* DataPortConf.h in Headers */ = {isa = PBXBuildFile; fileRef = 84009F0819ADD4210096E673 /* DataPortConf.h */; };
		84009F1519ADD4210096E673 /* IOHandler.cpp in Sources */ = {isa = PBXBuildFile; fileRef = 84009F0919ADD4210096E673 /* IOHandler.cpp */; };
		84009F1619ADD4210096E673 /* IOHandler.h in Headers */ = {isa = PBXBuildFile; fileRef = 84009F0A19ADD4210096E673 /* IOHandler.h */; };
		84009F1719ADD4210096E673 /* Transform.h in Headers */ = {isa = PBXBuildFile; fileRef = 84009F0D19ADD4210096E673 /* Transform.h */; };
		84009F1819ADD4210096E673 /* util.cpp in Sources */ = {isa = PBXBuildFile; fileRef = 84009F0E19ADD4210096E673 /* util.cpp */; };
		84009F1919ADD4210096E673 /* util.h in Headers */ = {isa = PBXBuildFile; fileRef = 84009F0F19ADD4210096E673 /* util.h */; };
		84009F4519ADE10D0096E673 /* libJSON.dylib in Frameworks */ = {isa = PBXBuildFile; fileRef = 84009EA819ADD3E80096E673 /* libJSON.dylib */; };
		84009F4A19ADE3EC0096E673 /* libasiodnp3.dylib in Frameworks */ = {isa = PBXBuildFile; fileRef = 84009F4619ADE3EC0096E673 /* libasiodnp3.dylib */; };
		84009F4B19ADE3EC0096E673 /* libasiopal.dylib in Frameworks */ = {isa = PBXBuildFile; fileRef = 84009F4719ADE3EC0096E673 /* libasiopal.dylib */; };
		84009F4C19ADE3EC0096E673 /* libopendnp3.dylib in Frameworks */ = {isa = PBXBuildFile; fileRef = 84009F4819ADE3EC0096E673 /* libopendnp3.dylib */; };
		84009F4D19ADE3EC0096E673 /* libopenpal.dylib in Frameworks */ = {isa = PBXBuildFile; fileRef = 84009F4919ADE3EC0096E673 /* libopenpal.dylib */; };
		84009F5319AE080F0096E673 /* libasiodnp3.dylib in Frameworks */ = {isa = PBXBuildFile; fileRef = 84009F4619ADE3EC0096E673 /* libasiodnp3.dylib */; };
		84009F5419AE080F0096E673 /* libasiopal.dylib in Frameworks */ = {isa = PBXBuildFile; fileRef = 84009F4719ADE3EC0096E673 /* libasiopal.dylib */; };
		84009F5519AE080F0096E673 /* libopendnp3.dylib in Frameworks */ = {isa = PBXBuildFile; fileRef = 84009F4819ADE3EC0096E673 /* libopendnp3.dylib */; };
		84009F5619AE080F0096E673 /* libopenpal.dylib in Frameworks */ = {isa = PBXBuildFile; fileRef = 84009F4919ADE3EC0096E673 /* libopenpal.dylib */; };
		84009F5719AE08270096E673 /* libJSON.dylib in Frameworks */ = {isa = PBXBuildFile; fileRef = 84009EA819ADD3E80096E673 /* libJSON.dylib */; };
		84009F5819AE08270096E673 /* libODC.dylib in Frameworks */ = {isa = PBXBuildFile; fileRef = 84009EB819ADD4000096E673 /* libODC.dylib */; };
		84009F5919AE0E0A0096E673 /* libODC.dylib in Frameworks */ = {isa = PBXBuildFile; fileRef = 84009EB819ADD4000096E673 /* libODC.dylib */; };
		84009F5A19AE0E140096E673 /* libJSON.dylib in Frameworks */ = {isa = PBXBuildFile; fileRef = 84009EA819ADD3E80096E673 /* libJSON.dylib */; };
		84009F5B19AE0E2A0096E673 /* libasiodnp3.dylib in Frameworks */ = {isa = PBXBuildFile; fileRef = 84009F4619ADE3EC0096E673 /* libasiodnp3.dylib */; };
		84009F5C19AE0E2A0096E673 /* libasiopal.dylib in Frameworks */ = {isa = PBXBuildFile; fileRef = 84009F4719ADE3EC0096E673 /* libasiopal.dylib */; };
		84009F5D19AE0E2A0096E673 /* libopendnp3.dylib in Frameworks */ = {isa = PBXBuildFile; fileRef = 84009F4819ADE3EC0096E673 /* libopendnp3.dylib */; };
		84009F5E19AE0E2A0096E673 /* libopenpal.dylib in Frameworks */ = {isa = PBXBuildFile; fileRef = 84009F4919ADE3EC0096E673 /* libopenpal.dylib */; };
		84009F8119B13B6F0096E673 /* WebUI.cpp in Sources */ = {isa = PBXBuildFile; fileRef = 84009F6D19AE16CD0096E673 /* WebUI.cpp */; };
		84009F8419B13CD10096E673 /* libmicrohttpd.10.dylib in Frameworks */ = {isa = PBXBuildFile; fileRef = 84009F7219AE17C80096E673 /* libmicrohttpd.10.dylib */; };
		84009F8519B13CDA0096E673 /* libJSON.dylib in Frameworks */ = {isa = PBXBuildFile; fileRef = 84009EA819ADD3E80096E673 /* libJSON.dylib */; };
		84009F8D19B13D1A0096E673 /* main.cpp in Sources */ = {isa = PBXBuildFile; fileRef = 84009F8C19B13D1A0096E673 /* main.cpp */; };
		84009F9519B13D330096E673 /* libWebUI.dylib in Frameworks */ = {isa = PBXBuildFile; fileRef = 84009F7D19B13B630096E673 /* libWebUI.dylib */; };
		84009F9619B13E980096E673 /* libJSON.dylib in Frameworks */ = {isa = PBXBuildFile; fileRef = 84009EA819ADD3E80096E673 /* libJSON.dylib */; };
		84009F9819B13F6F0096E673 /* IUI.h in Headers */ = {isa = PBXBuildFile; fileRef = 84009F9719B13F6F0096E673 /* IUI.h */; };
		84009F9B19B179B60096E673 /* libWebUI.dylib in Frameworks */ = {isa = PBXBuildFile; fileRef = 84009F7D19B13B630096E673 /* libWebUI.dylib */; };
		84009FA419B17F220096E673 /* libJSON.dylib in Frameworks */ = {isa = PBXBuildFile; fileRef = 84009EA819ADD3E80096E673 /* libJSON.dylib */; };
		84009FA519B17F220096E673 /* libODC.dylib in Frameworks */ = {isa = PBXBuildFile; fileRef = 84009EB819ADD4000096E673 /* libODC.dylib */; };
		84009FA819B17F3F0096E673 /* libasiopal.dylib in Frameworks */ = {isa = PBXBuildFile; fileRef = 84009F4719ADE3EC0096E673 /* libasiopal.dylib */; };
		84009FA919B17F4C0096E673 /* libasiodnp3.dylib in Frameworks */ = {isa = PBXBuildFile; fileRef = 84009F4619ADE3EC0096E673 /* libasiodnp3.dylib */; };
		84009FAA19B17F4C0096E673 /* libopendnp3.dylib in Frameworks */ = {isa = PBXBuildFile; fileRef = 84009F4819ADE3EC0096E673 /* libopendnp3.dylib */; };
		84009FAB19B17F4C0096E673 /* libopenpal.dylib in Frameworks */ = {isa = PBXBuildFile; fileRef = 84009F4919ADE3EC0096E673 /* libopenpal.dylib */; };
		84009FB319B189C90096E673 /* AddrConf.h in Headers */ = {isa = PBXBuildFile; fileRef = 84009FB219B189C90096E673 /* AddrConf.h */; };
		8481CC4219C3B05D00BE84E8 /* IUIResponder.h in Headers */ = {isa = PBXBuildFile; fileRef = 8481CC4019C3B05D00BE84E8 /* IUIResponder.h */; };
		8481CC4519C4067800BE84E8 /* DataPortCollection.cpp in Sources */ = {isa = PBXBuildFile; fileRef = 8481CC4319C4067800BE84E8 /* DataPortCollection.cpp */; };
		8481CC4619C4067800BE84E8 /* DataPortCollection.h in Headers */ = {isa = PBXBuildFile; fileRef = 8481CC4419C4067800BE84E8 /* DataPortCollection.h */; };
		8481CC4919C425A200BE84E8 /* DataConnectorCollection.cpp in Sources */ = {isa = PBXBuildFile; fileRef = 8481CC4719C425A200BE84E8 /* DataConnectorCollection.cpp */; };
		8481CC4A19C425A200BE84E8 /* DataConnectorCollection.h in Headers */ = {isa = PBXBuildFile; fileRef = 8481CC4819C425A200BE84E8 /* DataConnectorCollection.h */; };
/* End PBXBuildFile section */

/* Begin PBXContainerItemProxy section */
		84009F1C19ADD43E0096E673 /* PBXContainerItemProxy */ = {
			isa = PBXContainerItemProxy;
			containerPortal = 84009E6B19ADD33F0096E673 /* Project object */;
			proxyType = 1;
			remoteGlobalIDString = 84009EB719ADD4000096E673;
			remoteInfo = ODC;
		};
		84009F1E19ADD4410096E673 /* PBXContainerItemProxy */ = {
			isa = PBXContainerItemProxy;
			containerPortal = 84009E6B19ADD33F0096E673 /* Project object */;
			proxyType = 1;
			remoteGlobalIDString = 84009EA719ADD3E80096E673;
			remoteInfo = JSON;
		};
		84009F4319ADD7AF0096E673 /* PBXContainerItemProxy */ = {
			isa = PBXContainerItemProxy;
			containerPortal = 84009E6B19ADD33F0096E673 /* Project object */;
			proxyType = 1;
			remoteGlobalIDString = 84009EA719ADD3E80096E673;
			remoteInfo = JSON;
		};
		84009F8219B13CB70096E673 /* PBXContainerItemProxy */ = {
			isa = PBXContainerItemProxy;
			containerPortal = 84009E6B19ADD33F0096E673 /* Project object */;
			proxyType = 1;
			remoteGlobalIDString = 84009EA719ADD3E80096E673;
			remoteInfo = JSON;
		};
		84009F9319B13D2B0096E673 /* PBXContainerItemProxy */ = {
			isa = PBXContainerItemProxy;
			containerPortal = 84009E6B19ADD33F0096E673 /* Project object */;
			proxyType = 1;
			remoteGlobalIDString = 84009F7C19B13B630096E673;
			remoteInfo = WebUI;
		};
		84009F9C19B179B90096E673 /* PBXContainerItemProxy */ = {
			isa = PBXContainerItemProxy;
			containerPortal = 84009E6B19ADD33F0096E673 /* Project object */;
			proxyType = 1;
			remoteGlobalIDString = 84009F7C19B13B630096E673;
			remoteInfo = WebUI;
		};
		84009FA219B17F1C0096E673 /* PBXContainerItemProxy */ = {
			isa = PBXContainerItemProxy;
			containerPortal = 84009E6B19ADD33F0096E673 /* Project object */;
			proxyType = 1;
			remoteGlobalIDString = 84009EA719ADD3E80096E673;
			remoteInfo = JSON;
		};
		84009FA619B17F240096E673 /* PBXContainerItemProxy */ = {
			isa = PBXContainerItemProxy;
			containerPortal = 84009E6B19ADD33F0096E673 /* Project object */;
			proxyType = 1;
			remoteGlobalIDString = 84009EB719ADD4000096E673;
			remoteInfo = ODC;
		};
		84009FAE19B183300096E673 /* PBXContainerItemProxy */ = {
			isa = PBXContainerItemProxy;
			containerPortal = 84009E6B19ADD33F0096E673 /* Project object */;
			proxyType = 1;
			remoteGlobalIDString = 84009E9F19ADD3D60096E673;
			remoteInfo = DNP3Port;
		};
		84009FB019B183300096E673 /* PBXContainerItemProxy */ = {
			isa = PBXContainerItemProxy;
			containerPortal = 84009E6B19ADD33F0096E673 /* Project object */;
			proxyType = 1;
			remoteGlobalIDString = 84009EAF19ADD3F10096E673;
			remoteInfo = JSONPort;
		};
/* End PBXContainerItemProxy section */

/* Begin PBXCopyFilesBuildPhase section */
		84009E7119ADD33F0096E673 /* CopyFiles */ = {
			isa = PBXCopyFilesBuildPhase;
			buildActionMask = 2147483647;
			dstPath = /usr/share/man/man1/;
			dstSubfolderSpec = 0;
			files = (
			);
			runOnlyForDeploymentPostprocessing = 1;
		};
		84009F8819B13D1A0096E673 /* CopyFiles */ = {
			isa = PBXCopyFilesBuildPhase;
			buildActionMask = 2147483647;
			dstPath = /usr/share/man/man1/;
			dstSubfolderSpec = 0;
			files = (
			);
			runOnlyForDeploymentPostprocessing = 1;
		};
/* End PBXCopyFilesBuildPhase section */

/* Begin PBXFileReference section */
		84009E7319ADD33F0096E673 /* opendatacon */ = {isa = PBXFileReference; explicitFileType = "compiled.mach-o.executable"; includeInIndex = 0; path = opendatacon; sourceTree = BUILT_PRODUCTS_DIR; };
		84009E8119ADD3960096E673 /* AdvancedLogger.cpp */ = {isa = PBXFileReference; fileEncoding = 4; lastKnownFileType = sourcecode.cpp.cpp; path = AdvancedLogger.cpp; sourceTree = "<group>"; };
		84009E8219ADD3960096E673 /* AdvancedLogger.h */ = {isa = PBXFileReference; fileEncoding = 4; lastKnownFileType = sourcecode.c.h; path = AdvancedLogger.h; sourceTree = "<group>"; };
		84009E8319ADD3960096E673 /* Console.cpp */ = {isa = PBXFileReference; fileEncoding = 4; lastKnownFileType = sourcecode.cpp.cpp; path = Console.cpp; sourceTree = "<group>"; };
		84009E8419ADD3960096E673 /* Console.h */ = {isa = PBXFileReference; fileEncoding = 4; lastKnownFileType = sourcecode.c.h; path = Console.h; sourceTree = "<group>"; };
		84009E8519ADD3960096E673 /* DataConcentrator.cpp */ = {isa = PBXFileReference; fileEncoding = 4; lastKnownFileType = sourcecode.cpp.cpp; path = DataConcentrator.cpp; sourceTree = "<group>"; };
		84009E8619ADD3960096E673 /* DataConcentrator.h */ = {isa = PBXFileReference; fileEncoding = 4; lastKnownFileType = sourcecode.c.h; path = DataConcentrator.h; sourceTree = "<group>"; };
		84009E8719ADD3960096E673 /* DataConnector.cpp */ = {isa = PBXFileReference; fileEncoding = 4; lastKnownFileType = sourcecode.cpp.cpp; path = DataConnector.cpp; sourceTree = "<group>"; };
		84009E8819ADD3960096E673 /* DataConnector.h */ = {isa = PBXFileReference; fileEncoding = 4; lastKnownFileType = sourcecode.c.h; path = DataConnector.h; sourceTree = "<group>"; };
		84009E8919ADD3960096E673 /* IndexOffsetTransform.h */ = {isa = PBXFileReference; fileEncoding = 4; lastKnownFileType = sourcecode.c.h; path = IndexOffsetTransform.h; sourceTree = "<group>"; };
		84009E8A19ADD3960096E673 /* logging_cmds.cpp */ = {isa = PBXFileReference; fileEncoding = 4; lastKnownFileType = sourcecode.cpp.cpp; path = logging_cmds.cpp; sourceTree = "<group>"; };
		84009E8B19ADD3960096E673 /* logging_cmds.h */ = {isa = PBXFileReference; fileEncoding = 4; lastKnownFileType = sourcecode.c.h; path = logging_cmds.h; sourceTree = "<group>"; };
		84009E8C19ADD3960096E673 /* LogToFile.cpp */ = {isa = PBXFileReference; fileEncoding = 4; lastKnownFileType = sourcecode.cpp.cpp; path = LogToFile.cpp; sourceTree = "<group>"; };
		84009E8D19ADD3960096E673 /* LogToFile.h */ = {isa = PBXFileReference; fileEncoding = 4; lastKnownFileType = sourcecode.c.h; path = LogToFile.h; sourceTree = "<group>"; };
		84009E8E19ADD3960096E673 /* main.cpp */ = {isa = PBXFileReference; fileEncoding = 4; lastKnownFileType = sourcecode.cpp.cpp; path = main.cpp; sourceTree = "<group>"; };
		84009E8F19ADD3960096E673 /* NullPort.h */ = {isa = PBXFileReference; fileEncoding = 4; lastKnownFileType = sourcecode.c.h; path = NullPort.h; sourceTree = "<group>"; };
		84009E9219ADD3960096E673 /* tinycon.cpp */ = {isa = PBXFileReference; fileEncoding = 4; lastKnownFileType = sourcecode.cpp.cpp; path = tinycon.cpp; sourceTree = "<group>"; };
		84009E9319ADD3960096E673 /* tinycon.h */ = {isa = PBXFileReference; fileEncoding = 4; lastKnownFileType = sourcecode.c.h; path = tinycon.h; sourceTree = "<group>"; };
		84009EA019ADD3D60096E673 /* libDNP3Port.dylib */ = {isa = PBXFileReference; explicitFileType = "compiled.mach-o.dylib"; includeInIndex = 0; path = libDNP3Port.dylib; sourceTree = BUILT_PRODUCTS_DIR; };
		84009EA819ADD3E80096E673 /* libJSON.dylib */ = {isa = PBXFileReference; explicitFileType = "compiled.mach-o.dylib"; includeInIndex = 0; path = libJSON.dylib; sourceTree = BUILT_PRODUCTS_DIR; };
		84009EB019ADD3F10096E673 /* libJSONPort.dylib */ = {isa = PBXFileReference; explicitFileType = "compiled.mach-o.dylib"; includeInIndex = 0; path = libJSONPort.dylib; sourceTree = BUILT_PRODUCTS_DIR; };
		84009EB819ADD4000096E673 /* libODC.dylib */ = {isa = PBXFileReference; explicitFileType = "compiled.mach-o.dylib"; includeInIndex = 0; path = libODC.dylib; sourceTree = BUILT_PRODUCTS_DIR; };
		84009EC019ADD40C0096E673 /* CommandCallbackPromise.h */ = {isa = PBXFileReference; fileEncoding = 4; lastKnownFileType = sourcecode.c.h; path = CommandCallbackPromise.h; sourceTree = "<group>"; };
		84009EC119ADD40C0096E673 /* CommandCorrespondant.cpp */ = {isa = PBXFileReference; fileEncoding = 4; lastKnownFileType = sourcecode.cpp.cpp; path = CommandCorrespondant.cpp; sourceTree = "<group>"; };
		84009EC219ADD40C0096E673 /* CommandCorrespondant.h */ = {isa = PBXFileReference; fileEncoding = 4; lastKnownFileType = sourcecode.c.h; path = CommandCorrespondant.h; sourceTree = "<group>"; };
		84009EC319ADD40C0096E673 /* DNP3MasterPort.cpp */ = {isa = PBXFileReference; fileEncoding = 4; lastKnownFileType = sourcecode.cpp.cpp; path = DNP3MasterPort.cpp; sourceTree = "<group>"; };
		84009EC419ADD40C0096E673 /* DNP3MasterPort.h */ = {isa = PBXFileReference; fileEncoding = 4; lastKnownFileType = sourcecode.c.h; path = DNP3MasterPort.h; sourceTree = "<group>"; };
		84009EC519ADD40C0096E673 /* DNP3OutstationPort.cpp */ = {isa = PBXFileReference; fileEncoding = 4; lastKnownFileType = sourcecode.cpp.cpp; path = DNP3OutstationPort.cpp; sourceTree = "<group>"; };
		84009EC619ADD40C0096E673 /* DNP3OutstationPort.h */ = {isa = PBXFileReference; fileEncoding = 4; lastKnownFileType = sourcecode.c.h; path = DNP3OutstationPort.h; sourceTree = "<group>"; };
		84009EC719ADD40C0096E673 /* DNP3PointConf.cpp */ = {isa = PBXFileReference; fileEncoding = 4; lastKnownFileType = sourcecode.cpp.cpp; path = DNP3PointConf.cpp; sourceTree = "<group>"; };
		84009EC819ADD40C0096E673 /* DNP3PointConf.h */ = {isa = PBXFileReference; fileEncoding = 4; lastKnownFileType = sourcecode.c.h; path = DNP3PointConf.h; sourceTree = "<group>"; };
		84009EC919ADD40C0096E673 /* DNP3Port.cpp */ = {isa = PBXFileReference; fileEncoding = 4; lastKnownFileType = sourcecode.cpp.cpp; path = DNP3Port.cpp; sourceTree = "<group>"; };
		84009ECA19ADD40C0096E673 /* DNP3Port.h */ = {isa = PBXFileReference; fileEncoding = 4; lastKnownFileType = sourcecode.c.h; path = DNP3Port.h; sourceTree = "<group>"; };
		84009ECC19ADD40C0096E673 /* DNP3PortConf.h */ = {isa = PBXFileReference; fileEncoding = 4; lastKnownFileType = sourcecode.c.h; path = DNP3PortConf.h; sourceTree = "<group>"; };
		84009ECD19ADD40C0096E673 /* main.cpp */ = {isa = PBXFileReference; fileEncoding = 4; lastKnownFileType = sourcecode.cpp.cpp; path = main.cpp; sourceTree = "<group>"; };
		84009EE019ADD4140096E673 /* json-forwards.h */ = {isa = PBXFileReference; fileEncoding = 4; lastKnownFileType = sourcecode.c.h; path = "json-forwards.h"; sourceTree = "<group>"; };
		84009EE119ADD4140096E673 /* json.h */ = {isa = PBXFileReference; fileEncoding = 4; lastKnownFileType = sourcecode.c.h; path = json.h; sourceTree = "<group>"; };
		84009EE519ADD4140096E673 /* jsoncpp.cpp */ = {isa = PBXFileReference; fileEncoding = 4; lastKnownFileType = sourcecode.cpp.cpp; path = jsoncpp.cpp; sourceTree = "<group>"; };
		84009EED19ADD41B0096E673 /* JSONClientPort.cpp */ = {isa = PBXFileReference; fileEncoding = 4; lastKnownFileType = sourcecode.cpp.cpp; path = JSONClientPort.cpp; sourceTree = "<group>"; };
		84009EEE19ADD41B0096E673 /* JSONClientPort.h */ = {isa = PBXFileReference; fileEncoding = 4; lastKnownFileType = sourcecode.c.h; path = JSONClientPort.h; sourceTree = "<group>"; };
		84009EEF19ADD41B0096E673 /* JSONPointConf.cpp */ = {isa = PBXFileReference; fileEncoding = 4; lastKnownFileType = sourcecode.cpp.cpp; path = JSONPointConf.cpp; sourceTree = "<group>"; };
		84009EF019ADD41B0096E673 /* JSONPointConf.h */ = {isa = PBXFileReference; fileEncoding = 4; lastKnownFileType = sourcecode.c.h; path = JSONPointConf.h; sourceTree = "<group>"; };
		84009EF219ADD41B0096E673 /* JSONPort.h */ = {isa = PBXFileReference; fileEncoding = 4; lastKnownFileType = sourcecode.c.h; path = JSONPort.h; sourceTree = "<group>"; };
		84009EF519ADD41B0096E673 /* JSONPortConf.cpp */ = {isa = PBXFileReference; fileEncoding = 4; lastKnownFileType = sourcecode.cpp.cpp; path = JSONPortConf.cpp; sourceTree = "<group>"; };
		84009EF619ADD41B0096E673 /* JSONPortConf.h */ = {isa = PBXFileReference; fileEncoding = 4; lastKnownFileType = sourcecode.c.h; path = JSONPortConf.h; sourceTree = "<group>"; };
		84009EF719ADD41B0096E673 /* main.cpp */ = {isa = PBXFileReference; fileEncoding = 4; lastKnownFileType = sourcecode.cpp.cpp; path = main.cpp; sourceTree = "<group>"; };
		84009F0419ADD4210096E673 /* ConfigParser.cpp */ = {isa = PBXFileReference; fileEncoding = 4; lastKnownFileType = sourcecode.cpp.cpp; path = ConfigParser.cpp; sourceTree = "<group>"; };
		84009F0519ADD4210096E673 /* ConfigParser.h */ = {isa = PBXFileReference; fileEncoding = 4; lastKnownFileType = sourcecode.c.h; path = ConfigParser.h; sourceTree = "<group>"; };
		84009F0619ADD4210096E673 /* DataPointConf.h */ = {isa = PBXFileReference; fileEncoding = 4; lastKnownFileType = sourcecode.c.h; path = DataPointConf.h; sourceTree = "<group>"; };
		84009F0719ADD4210096E673 /* DataPort.h */ = {isa = PBXFileReference; fileEncoding = 4; lastKnownFileType = sourcecode.c.h; path = DataPort.h; sourceTree = "<group>"; };
		84009F0819ADD4210096E673 /* DataPortConf.h */ = {isa = PBXFileReference; fileEncoding = 4; lastKnownFileType = sourcecode.c.h; path = DataPortConf.h; sourceTree = "<group>"; };
		84009F0919ADD4210096E673 /* IOHandler.cpp */ = {isa = PBXFileReference; fileEncoding = 4; lastKnownFileType = sourcecode.cpp.cpp; path = IOHandler.cpp; sourceTree = "<group>"; };
		84009F0A19ADD4210096E673 /* IOHandler.h */ = {isa = PBXFileReference; fileEncoding = 4; lastKnownFileType = sourcecode.c.h; path = IOHandler.h; sourceTree = "<group>"; };
		84009F0D19ADD4210096E673 /* Transform.h */ = {isa = PBXFileReference; fileEncoding = 4; lastKnownFileType = sourcecode.c.h; path = Transform.h; sourceTree = "<group>"; };
		84009F0E19ADD4210096E673 /* util.cpp */ = {isa = PBXFileReference; fileEncoding = 4; lastKnownFileType = sourcecode.cpp.cpp; path = util.cpp; sourceTree = "<group>"; };
		84009F0F19ADD4210096E673 /* util.h */ = {isa = PBXFileReference; fileEncoding = 4; lastKnownFileType = sourcecode.c.h; path = util.h; sourceTree = "<group>"; };
		84009F4619ADE3EC0096E673 /* libasiodnp3.dylib */ = {isa = PBXFileReference; lastKnownFileType = "compiled.mach-o.dylib"; name = libasiodnp3.dylib; path = lib/libasiodnp3.dylib; sourceTree = "<group>"; };
		84009F4719ADE3EC0096E673 /* libasiopal.dylib */ = {isa = PBXFileReference; lastKnownFileType = "compiled.mach-o.dylib"; name = libasiopal.dylib; path = lib/libasiopal.dylib; sourceTree = "<group>"; };
		84009F4819ADE3EC0096E673 /* libopendnp3.dylib */ = {isa = PBXFileReference; lastKnownFileType = "compiled.mach-o.dylib"; name = libopendnp3.dylib; path = lib/libopendnp3.dylib; sourceTree = "<group>"; };
		84009F4919ADE3EC0096E673 /* libopenpal.dylib */ = {isa = PBXFileReference; lastKnownFileType = "compiled.mach-o.dylib"; name = libopenpal.dylib; path = lib/libopenpal.dylib; sourceTree = "<group>"; };
		84009F6D19AE16CD0096E673 /* WebUI.cpp */ = {isa = PBXFileReference; fileEncoding = 4; lastKnownFileType = sourcecode.cpp.cpp; path = WebUI.cpp; sourceTree = "<group>"; };
		84009F6E19AE16CD0096E673 /* WebUI.def */ = {isa = PBXFileReference; fileEncoding = 4; lastKnownFileType = text; path = WebUI.def; sourceTree = "<group>"; };
		84009F6F19AE16CD0096E673 /* WebUI.h */ = {isa = PBXFileReference; fileEncoding = 4; lastKnownFileType = sourcecode.c.h; path = WebUI.h; sourceTree = "<group>"; };
		84009F7019AE16CD0096E673 /* WebUI.vcxproj */ = {isa = PBXFileReference; fileEncoding = 4; lastKnownFileType = text.xml; path = WebUI.vcxproj; sourceTree = "<group>"; };
		84009F7219AE17C80096E673 /* libmicrohttpd.10.dylib */ = {isa = PBXFileReference; lastKnownFileType = "compiled.mach-o.dylib"; name = libmicrohttpd.10.dylib; path = ../../../../usr/local/lib/libmicrohttpd.10.dylib; sourceTree = "<group>"; };
		84009F7D19B13B630096E673 /* libWebUI.dylib */ = {isa = PBXFileReference; explicitFileType = "compiled.mach-o.dylib"; includeInIndex = 0; path = libWebUI.dylib; sourceTree = BUILT_PRODUCTS_DIR; };
		84009F8A19B13D1A0096E673 /* WebUItest */ = {isa = PBXFileReference; explicitFileType = "compiled.mach-o.executable"; includeInIndex = 0; path = WebUItest; sourceTree = BUILT_PRODUCTS_DIR; };
		84009F8C19B13D1A0096E673 /* main.cpp */ = {isa = PBXFileReference; lastKnownFileType = sourcecode.cpp.cpp; path = main.cpp; sourceTree = "<group>"; };
		84009F9719B13F6F0096E673 /* IUI.h */ = {isa = PBXFileReference; fileEncoding = 4; lastKnownFileType = sourcecode.c.h; path = IUI.h; sourceTree = "<group>"; };
		84009FB219B189C90096E673 /* AddrConf.h */ = {isa = PBXFileReference; fileEncoding = 4; lastKnownFileType = sourcecode.c.h; path = AddrConf.h; sourceTree = "<group>"; };
		84009FB719B192420096E673 /* ConnectorEg.conf */ = {isa = PBXFileReference; lastKnownFileType = text; name = ConnectorEg.conf; path = example/ConnectorEg.conf; sourceTree = "<group>"; };
		84009FB919B192420096E673 /* datacon-test.conf */ = {isa = PBXFileReference; lastKnownFileType = text; name = "datacon-test.conf"; path = "example/datacon-test.conf"; sourceTree = "<group>"; };
		84009FBB19B192420096E673 /* DMCConnector.conf */ = {isa = PBXFileReference; lastKnownFileType = text; name = DMCConnector.conf; path = example/DMCConnector.conf; sourceTree = "<group>"; };
		84009FBC19B192420096E673 /* DMCDNP3_Master.conf */ = {isa = PBXFileReference; lastKnownFileType = text; name = DMCDNP3_Master.conf; path = example/DMCDNP3_Master.conf; sourceTree = "<group>"; };
		84009FBD19B192420096E673 /* DMCDNP3_Outstation.conf */ = {isa = PBXFileReference; lastKnownFileType = text; name = DMCDNP3_Outstation.conf; path = example/DMCDNP3_Outstation.conf; sourceTree = "<group>"; };
		84009FBE19B192420096E673 /* DNP3PointsEg.conf */ = {isa = PBXFileReference; lastKnownFileType = text; name = DNP3PointsEg.conf; path = example/DNP3PointsEg.conf; sourceTree = "<group>"; };
		84009FBF19B192420096E673 /* index.html */ = {isa = PBXFileReference; lastKnownFileType = text.html; name = index.html; path = example/index.html; sourceTree = "<group>"; };
		84009FC019B192420096E673 /* JSONClientEg.conf */ = {isa = PBXFileReference; lastKnownFileType = text; name = JSONClientEg.conf; path = example/JSONClientEg.conf; sourceTree = "<group>"; };
		84009FC119B192420096E673 /* opendatacon.conf */ = {isa = PBXFileReference; lastKnownFileType = text; name = opendatacon.conf; path = example/opendatacon.conf; sourceTree = "<group>"; };
		84009FC219B192420096E673 /* opendataconDMC.conf */ = {isa = PBXFileReference; lastKnownFileType = text; name = opendataconDMC.conf; path = example/opendataconDMC.conf; sourceTree = "<group>"; };
		8481CC4019C3B05D00BE84E8 /* IUIResponder.h */ = {isa = PBXFileReference; fileEncoding = 4; lastKnownFileType = sourcecode.c.h; path = IUIResponder.h; sourceTree = "<group>"; };
		8481CC4319C4067800BE84E8 /* DataPortCollection.cpp */ = {isa = PBXFileReference; fileEncoding = 4; lastKnownFileType = sourcecode.cpp.cpp; path = DataPortCollection.cpp; sourceTree = "<group>"; };
		8481CC4419C4067800BE84E8 /* DataPortCollection.h */ = {isa = PBXFileReference; fileEncoding = 4; lastKnownFileType = sourcecode.c.h; path = DataPortCollection.h; sourceTree = "<group>"; };
		8481CC4719C425A200BE84E8 /* DataConnectorCollection.cpp */ = {isa = PBXFileReference; fileEncoding = 4; lastKnownFileType = sourcecode.cpp.cpp; path = DataConnectorCollection.cpp; sourceTree = "<group>"; };
		8481CC4819C425A200BE84E8 /* DataConnectorCollection.h */ = {isa = PBXFileReference; fileEncoding = 4; lastKnownFileType = sourcecode.c.h; path = DataConnectorCollection.h; sourceTree = "<group>"; };
		84F1C4C919C54C5100071DAF /* ResponderMap.h */ = {isa = PBXFileReference; lastKnownFileType = sourcecode.c.h; path = ResponderMap.h; sourceTree = "<group>"; };
/* End PBXFileReference section */

/* Begin PBXFrameworksBuildPhase section */
		84009E7019ADD33F0096E673 /* Frameworks */ = {
			isa = PBXFrameworksBuildPhase;
			buildActionMask = 2147483647;
			files = (
				84009F9B19B179B60096E673 /* libWebUI.dylib in Frameworks */,
				84009F5719AE08270096E673 /* libJSON.dylib in Frameworks */,
				84009F5819AE08270096E673 /* libODC.dylib in Frameworks */,
				84009F5319AE080F0096E673 /* libasiodnp3.dylib in Frameworks */,
				84009F5419AE080F0096E673 /* libasiopal.dylib in Frameworks */,
				84009F5519AE080F0096E673 /* libopendnp3.dylib in Frameworks */,
				84009F5619AE080F0096E673 /* libopenpal.dylib in Frameworks */,
			);
			runOnlyForDeploymentPostprocessing = 0;
		};
		84009E9D19ADD3D60096E673 /* Frameworks */ = {
			isa = PBXFrameworksBuildPhase;
			buildActionMask = 2147483647;
			files = (
				84009F5B19AE0E2A0096E673 /* libasiodnp3.dylib in Frameworks */,
				84009F5C19AE0E2A0096E673 /* libasiopal.dylib in Frameworks */,
				84009F5D19AE0E2A0096E673 /* libopendnp3.dylib in Frameworks */,
				84009F5E19AE0E2A0096E673 /* libopenpal.dylib in Frameworks */,
				84009F5A19AE0E140096E673 /* libJSON.dylib in Frameworks */,
				84009F5919AE0E0A0096E673 /* libODC.dylib in Frameworks */,
			);
			runOnlyForDeploymentPostprocessing = 0;
		};
		84009EA519ADD3E80096E673 /* Frameworks */ = {
			isa = PBXFrameworksBuildPhase;
			buildActionMask = 2147483647;
			files = (
			);
			runOnlyForDeploymentPostprocessing = 0;
		};
		84009EAD19ADD3F10096E673 /* Frameworks */ = {
			isa = PBXFrameworksBuildPhase;
			buildActionMask = 2147483647;
			files = (
				84009FA419B17F220096E673 /* libJSON.dylib in Frameworks */,
				84009FA519B17F220096E673 /* libODC.dylib in Frameworks */,
				84009FA919B17F4C0096E673 /* libasiodnp3.dylib in Frameworks */,
				84009FA819B17F3F0096E673 /* libasiopal.dylib in Frameworks */,
				84009FAA19B17F4C0096E673 /* libopendnp3.dylib in Frameworks */,
				84009FAB19B17F4C0096E673 /* libopenpal.dylib in Frameworks */,
			);
			runOnlyForDeploymentPostprocessing = 0;
		};
		84009EB519ADD4000096E673 /* Frameworks */ = {
			isa = PBXFrameworksBuildPhase;
			buildActionMask = 2147483647;
			files = (
				84009F4519ADE10D0096E673 /* libJSON.dylib in Frameworks */,
				84009F4A19ADE3EC0096E673 /* libasiodnp3.dylib in Frameworks */,
				84009F4B19ADE3EC0096E673 /* libasiopal.dylib in Frameworks */,
				84009F4C19ADE3EC0096E673 /* libopendnp3.dylib in Frameworks */,
				84009F4D19ADE3EC0096E673 /* libopenpal.dylib in Frameworks */,
			);
			runOnlyForDeploymentPostprocessing = 0;
		};
		84009F7A19B13B630096E673 /* Frameworks */ = {
			isa = PBXFrameworksBuildPhase;
			buildActionMask = 2147483647;
			files = (
				84009F8519B13CDA0096E673 /* libJSON.dylib in Frameworks */,
				84009F8419B13CD10096E673 /* libmicrohttpd.10.dylib in Frameworks */,
			);
			runOnlyForDeploymentPostprocessing = 0;
		};
		84009F8719B13D1A0096E673 /* Frameworks */ = {
			isa = PBXFrameworksBuildPhase;
			buildActionMask = 2147483647;
			files = (
				84009F9619B13E980096E673 /* libJSON.dylib in Frameworks */,
				84009F9519B13D330096E673 /* libWebUI.dylib in Frameworks */,
			);
			runOnlyForDeploymentPostprocessing = 0;
		};
/* End PBXFrameworksBuildPhase section */

/* Begin PBXGroup section */
		84009E6A19ADD33F0096E673 = {
			isa = PBXGroup;
			children = (
				84009FB619B1922D0096E673 /* example */,
				84009F7219AE17C80096E673 /* libmicrohttpd.10.dylib */,
				84009F4619ADE3EC0096E673 /* libasiodnp3.dylib */,
				84009F4719ADE3EC0096E673 /* libasiopal.dylib */,
				84009F4819ADE3EC0096E673 /* libopendnp3.dylib */,
				84009F4919ADE3EC0096E673 /* libopenpal.dylib */,
				84009F6C19AE16CD0096E673 /* WebUI */,
				84009EE919ADD41B0096E673 /* JSONPort */,
				84009EDB19ADD4140096E673 /* JSON */,
				84009F0019ADD4210096E673 /* ODC */,
				84009EBC19ADD40C0096E673 /* DNP3Port */,
				84009E7F19ADD3960096E673 /* opendatacon */,
				84009F8B19B13D1A0096E673 /* WebUItest */,
				84009E7419ADD33F0096E673 /* Products */,
			);
			sourceTree = "<group>";
		};
		84009E7419ADD33F0096E673 /* Products */ = {
			isa = PBXGroup;
			children = (
				84009E7319ADD33F0096E673 /* opendatacon */,
				84009EA019ADD3D60096E673 /* libDNP3Port.dylib */,
				84009EA819ADD3E80096E673 /* libJSON.dylib */,
				84009EB019ADD3F10096E673 /* libJSONPort.dylib */,
				84009EB819ADD4000096E673 /* libODC.dylib */,
				84009F7D19B13B630096E673 /* libWebUI.dylib */,
				84009F8A19B13D1A0096E673 /* WebUItest */,
			);
			name = Products;
			sourceTree = "<group>";
		};
		84009E7F19ADD3960096E673 /* opendatacon */ = {
			isa = PBXGroup;
			children = (
				84009E8119ADD3960096E673 /* AdvancedLogger.cpp */,
				84009E8219ADD3960096E673 /* AdvancedLogger.h */,
				84009E8319ADD3960096E673 /* Console.cpp */,
				84009E8419ADD3960096E673 /* Console.h */,
				84009E8519ADD3960096E673 /* DataConcentrator.cpp */,
				84009E8619ADD3960096E673 /* DataConcentrator.h */,
				84009E8719ADD3960096E673 /* DataConnector.cpp */,
				84009E8819ADD3960096E673 /* DataConnector.h */,
				84009E8919ADD3960096E673 /* IndexOffsetTransform.h */,
				84009E8A19ADD3960096E673 /* logging_cmds.cpp */,
				84009E8B19ADD3960096E673 /* logging_cmds.h */,
				84009E8C19ADD3960096E673 /* LogToFile.cpp */,
				84009E8D19ADD3960096E673 /* LogToFile.h */,
				84009E8E19ADD3960096E673 /* main.cpp */,
				84009E8F19ADD3960096E673 /* NullPort.h */,
				84009E9219ADD3960096E673 /* tinycon.cpp */,
				84009E9319ADD3960096E673 /* tinycon.h */,
				8481CC4719C425A200BE84E8 /* DataConnectorCollection.cpp */,
				8481CC4819C425A200BE84E8 /* DataConnectorCollection.h */,
			);
			name = opendatacon;
			path = src;
			sourceTree = "<group>";
		};
		84009EBC19ADD40C0096E673 /* DNP3Port */ = {
			isa = PBXGroup;
			children = (
				84009EC019ADD40C0096E673 /* CommandCallbackPromise.h */,
				84009EC119ADD40C0096E673 /* CommandCorrespondant.cpp */,
				84009EC219ADD40C0096E673 /* CommandCorrespondant.h */,
				84009EC319ADD40C0096E673 /* DNP3MasterPort.cpp */,
				84009EC419ADD40C0096E673 /* DNP3MasterPort.h */,
				84009EC519ADD40C0096E673 /* DNP3OutstationPort.cpp */,
				84009EC619ADD40C0096E673 /* DNP3OutstationPort.h */,
				84009EC719ADD40C0096E673 /* DNP3PointConf.cpp */,
				84009EC819ADD40C0096E673 /* DNP3PointConf.h */,
				84009EC919ADD40C0096E673 /* DNP3Port.cpp */,
				84009ECA19ADD40C0096E673 /* DNP3Port.h */,
				84009ECC19ADD40C0096E673 /* DNP3PortConf.h */,
				84009ECD19ADD40C0096E673 /* main.cpp */,
			);
			path = DNP3Port;
			sourceTree = "<group>";
		};
		84009EDB19ADD4140096E673 /* JSON */ = {
			isa = PBXGroup;
			children = (
				84009EDF19ADD4140096E673 /* json */,
				84009EE519ADD4140096E673 /* jsoncpp.cpp */,
			);
			path = JSON;
			sourceTree = "<group>";
		};
		84009EDF19ADD4140096E673 /* json */ = {
			isa = PBXGroup;
			children = (
				84009EE019ADD4140096E673 /* json-forwards.h */,
				84009EE119ADD4140096E673 /* json.h */,
			);
			path = json;
			sourceTree = "<group>";
		};
		84009EE919ADD41B0096E673 /* JSONPort */ = {
			isa = PBXGroup;
			children = (
				84009EED19ADD41B0096E673 /* JSONClientPort.cpp */,
				84009EEE19ADD41B0096E673 /* JSONClientPort.h */,
				84009EEF19ADD41B0096E673 /* JSONPointConf.cpp */,
				84009EF019ADD41B0096E673 /* JSONPointConf.h */,
				84009EF219ADD41B0096E673 /* JSONPort.h */,
				84009EF519ADD41B0096E673 /* JSONPortConf.cpp */,
				84009EF619ADD41B0096E673 /* JSONPortConf.h */,
				84009EF719ADD41B0096E673 /* main.cpp */,
			);
			path = JSONPort;
			sourceTree = "<group>";
		};
		84009F0019ADD4210096E673 /* ODC */ = {
			isa = PBXGroup;
			children = (
				84F1C4C919C54C5100071DAF /* ResponderMap.h */,
				8481CC4019C3B05D00BE84E8 /* IUIResponder.h */,
				84009F9719B13F6F0096E673 /* IUI.h */,
				84009F0419ADD4210096E673 /* ConfigParser.cpp */,
				84009F0519ADD4210096E673 /* ConfigParser.h */,
				84009FB219B189C90096E673 /* AddrConf.h */,
				84009F0619ADD4210096E673 /* DataPointConf.h */,
				84009F0719ADD4210096E673 /* DataPort.h */,
				84009F0819ADD4210096E673 /* DataPortConf.h */,
				84009F0919ADD4210096E673 /* IOHandler.cpp */,
				84009F0A19ADD4210096E673 /* IOHandler.h */,
				84009F0D19ADD4210096E673 /* Transform.h */,
				84009F0E19ADD4210096E673 /* util.cpp */,
				84009F0F19ADD4210096E673 /* util.h */,
				8481CC4319C4067800BE84E8 /* DataPortCollection.cpp */,
				8481CC4419C4067800BE84E8 /* DataPortCollection.h */,
			);
			path = ODC;
			sourceTree = "<group>";
		};
		84009F6C19AE16CD0096E673 /* WebUI */ = {
			isa = PBXGroup;
			children = (
				84009F6D19AE16CD0096E673 /* WebUI.cpp */,
				84009F6E19AE16CD0096E673 /* WebUI.def */,
				84009F6F19AE16CD0096E673 /* WebUI.h */,
				84009F7019AE16CD0096E673 /* WebUI.vcxproj */,
			);
			path = WebUI;
			sourceTree = "<group>";
		};
		84009F8B19B13D1A0096E673 /* WebUItest */ = {
			isa = PBXGroup;
			children = (
				84009F8C19B13D1A0096E673 /* main.cpp */,
			);
			path = WebUItest;
			sourceTree = "<group>";
		};
		84009FB619B1922D0096E673 /* example */ = {
			isa = PBXGroup;
			children = (
				84009FB719B192420096E673 /* ConnectorEg.conf */,
				84009FB919B192420096E673 /* datacon-test.conf */,
				84009FBB19B192420096E673 /* DMCConnector.conf */,
				84009FBC19B192420096E673 /* DMCDNP3_Master.conf */,
				84009FBD19B192420096E673 /* DMCDNP3_Outstation.conf */,
				84009FBE19B192420096E673 /* DNP3PointsEg.conf */,
				84009FBF19B192420096E673 /* index.html */,
				84009FC019B192420096E673 /* JSONClientEg.conf */,
				84009FC119B192420096E673 /* opendatacon.conf */,
				84009FC219B192420096E673 /* opendataconDMC.conf */,
			);
			name = example;
			sourceTree = "<group>";
		};
/* End PBXGroup section */

/* Begin PBXHeadersBuildPhase section */
		84009E9E19ADD3D60096E673 /* Headers */ = {
			isa = PBXHeadersBuildPhase;
			buildActionMask = 2147483647;
			files = (
				84009ECE19ADD40C0096E673 /* CommandCallbackPromise.h in Headers */,
				84009ED019ADD40C0096E673 /* CommandCorrespondant.h in Headers */,
				84009ED819ADD40C0096E673 /* DNP3Port.h in Headers */,
				84009ED419ADD40C0096E673 /* DNP3OutstationPort.h in Headers */,
				84009ED919ADD40C0096E673 /* DNP3PortConf.h in Headers */,
				84009ED619ADD40C0096E673 /* DNP3PointConf.h in Headers */,
				84009ED219ADD40C0096E673 /* DNP3MasterPort.h in Headers */,
			);
			runOnlyForDeploymentPostprocessing = 0;
		};
		84009EA619ADD3E80096E673 /* Headers */ = {
			isa = PBXHeadersBuildPhase;
			buildActionMask = 2147483647;
			files = (
				84009EE719ADD4140096E673 /* json.h in Headers */,
				84009EE619ADD4140096E673 /* json-forwards.h in Headers */,
			);
			runOnlyForDeploymentPostprocessing = 0;
		};
		84009EAE19ADD3F10096E673 /* Headers */ = {
			isa = PBXHeadersBuildPhase;
			buildActionMask = 2147483647;
			files = (
				84009EF919ADD41B0096E673 /* JSONClientPort.h in Headers */,
				84009EFE19ADD41B0096E673 /* JSONPortConf.h in Headers */,
				84009EFB19ADD41B0096E673 /* JSONPointConf.h in Headers */,
				84009EFC19ADD41B0096E673 /* JSONPort.h in Headers */,
			);
			runOnlyForDeploymentPostprocessing = 0;
		};
		84009EB619ADD4000096E673 /* Headers */ = {
			isa = PBXHeadersBuildPhase;
			buildActionMask = 2147483647;
			files = (
				84009F1319ADD4210096E673 /* DataPort.h in Headers */,
				84009F1619ADD4210096E673 /* IOHandler.h in Headers */,
				84009F9819B13F6F0096E673 /* IUI.h in Headers */,
				8481CC4219C3B05D00BE84E8 /* IUIResponder.h in Headers */,
				8481CC4619C4067800BE84E8 /* DataPortCollection.h in Headers */,
				84009F1419ADD4210096E673 /* DataPortConf.h in Headers */,
				84009F1719ADD4210096E673 /* Transform.h in Headers */,
				84009F1119ADD4210096E673 /* ConfigParser.h in Headers */,
				84009F1919ADD4210096E673 /* util.h in Headers */,
				84009F1219ADD4210096E673 /* DataPointConf.h in Headers */,
				8481CC4A19C425A200BE84E8 /* DataConnectorCollection.h in Headers */,
				84009FB319B189C90096E673 /* AddrConf.h in Headers */,
			);
			runOnlyForDeploymentPostprocessing = 0;
		};
		84009F7B19B13B630096E673 /* Headers */ = {
			isa = PBXHeadersBuildPhase;
			buildActionMask = 2147483647;
			files = (
			);
			runOnlyForDeploymentPostprocessing = 0;
		};
/* End PBXHeadersBuildPhase section */

/* Begin PBXNativeTarget section */
		84009E7219ADD33F0096E673 /* opendatacon */ = {
			isa = PBXNativeTarget;
			buildConfigurationList = 84009E7C19ADD33F0096E673 /* Build configuration list for PBXNativeTarget "opendatacon" */;
			buildPhases = (
				84009E6F19ADD33F0096E673 /* Sources */,
				84009E7019ADD33F0096E673 /* Frameworks */,
				84009E7119ADD33F0096E673 /* CopyFiles */,
			);
			buildRules = (
			);
			dependencies = (
				84009FAF19B183300096E673 /* PBXTargetDependency */,
				84009FB119B183300096E673 /* PBXTargetDependency */,
				84009F9D19B179B90096E673 /* PBXTargetDependency */,
				84009F1F19ADD4410096E673 /* PBXTargetDependency */,
				84009F1D19ADD43E0096E673 /* PBXTargetDependency */,
			);
			name = opendatacon;
			productName = opendatacon;
			productReference = 84009E7319ADD33F0096E673 /* opendatacon */;
			productType = "com.apple.product-type.tool";
		};
		84009E9F19ADD3D60096E673 /* DNP3Port */ = {
			isa = PBXNativeTarget;
			buildConfigurationList = 84009EA119ADD3D60096E673 /* Build configuration list for PBXNativeTarget "DNP3Port" */;
			buildPhases = (
				84009E9C19ADD3D60096E673 /* Sources */,
				84009E9D19ADD3D60096E673 /* Frameworks */,
				84009E9E19ADD3D60096E673 /* Headers */,
			);
			buildRules = (
			);
			dependencies = (
			);
			name = DNP3Port;
			productName = DNP3Port;
			productReference = 84009EA019ADD3D60096E673 /* libDNP3Port.dylib */;
			productType = "com.apple.product-type.library.dynamic";
		};
		84009EA719ADD3E80096E673 /* JSON */ = {
			isa = PBXNativeTarget;
			buildConfigurationList = 84009EA919ADD3E80096E673 /* Build configuration list for PBXNativeTarget "JSON" */;
			buildPhases = (
				84009EA419ADD3E80096E673 /* Sources */,
				84009EA519ADD3E80096E673 /* Frameworks */,
				84009EA619ADD3E80096E673 /* Headers */,
			);
			buildRules = (
			);
			dependencies = (
			);
			name = JSON;
			productName = JSON;
			productReference = 84009EA819ADD3E80096E673 /* libJSON.dylib */;
			productType = "com.apple.product-type.library.dynamic";
		};
		84009EAF19ADD3F10096E673 /* JSONPort */ = {
			isa = PBXNativeTarget;
			buildConfigurationList = 84009EB119ADD3F10096E673 /* Build configuration list for PBXNativeTarget "JSONPort" */;
			buildPhases = (
				84009EAC19ADD3F10096E673 /* Sources */,
				84009EAD19ADD3F10096E673 /* Frameworks */,
				84009EAE19ADD3F10096E673 /* Headers */,
			);
			buildRules = (
			);
			dependencies = (
				84009FA719B17F240096E673 /* PBXTargetDependency */,
				84009FA319B17F1C0096E673 /* PBXTargetDependency */,
			);
			name = JSONPort;
			productName = JSONPort;
			productReference = 84009EB019ADD3F10096E673 /* libJSONPort.dylib */;
			productType = "com.apple.product-type.library.dynamic";
		};
		84009EB719ADD4000096E673 /* ODC */ = {
			isa = PBXNativeTarget;
			buildConfigurationList = 84009EB919ADD4000096E673 /* Build configuration list for PBXNativeTarget "ODC" */;
			buildPhases = (
				84009EB419ADD4000096E673 /* Sources */,
				84009EB519ADD4000096E673 /* Frameworks */,
				84009EB619ADD4000096E673 /* Headers */,
			);
			buildRules = (
			);
			dependencies = (
				84009F4419ADD7AF0096E673 /* PBXTargetDependency */,
			);
			name = ODC;
			productName = ODC;
			productReference = 84009EB819ADD4000096E673 /* libODC.dylib */;
			productType = "com.apple.product-type.library.dynamic";
		};
		84009F7C19B13B630096E673 /* WebUI */ = {
			isa = PBXNativeTarget;
			buildConfigurationList = 84009F7E19B13B630096E673 /* Build configuration list for PBXNativeTarget "WebUI" */;
			buildPhases = (
				84009F7919B13B630096E673 /* Sources */,
				84009F7A19B13B630096E673 /* Frameworks */,
				84009F7B19B13B630096E673 /* Headers */,
			);
			buildRules = (
			);
			dependencies = (
				84009F8319B13CB70096E673 /* PBXTargetDependency */,
			);
			name = WebUI;
			productName = WebUI;
			productReference = 84009F7D19B13B630096E673 /* libWebUI.dylib */;
			productType = "com.apple.product-type.library.dynamic";
		};
		84009F8919B13D1A0096E673 /* WebUItest */ = {
			isa = PBXNativeTarget;
			buildConfigurationList = 84009F9019B13D1A0096E673 /* Build configuration list for PBXNativeTarget "WebUItest" */;
			buildPhases = (
				84009F8619B13D1A0096E673 /* Sources */,
				84009F8719B13D1A0096E673 /* Frameworks */,
				84009F8819B13D1A0096E673 /* CopyFiles */,
			);
			buildRules = (
			);
			dependencies = (
				84009F9419B13D2B0096E673 /* PBXTargetDependency */,
			);
			name = WebUItest;
			productName = WebUItest;
			productReference = 84009F8A19B13D1A0096E673 /* WebUItest */;
			productType = "com.apple.product-type.tool";
		};
/* End PBXNativeTarget section */

/* Begin PBXProject section */
		84009E6B19ADD33F0096E673 /* Project object */ = {
			isa = PBXProject;
			attributes = {
				LastUpgradeCheck = 0510;
				ORGANIZATIONNAME = SomeOrg;
			};
			buildConfigurationList = 84009E6E19ADD33F0096E673 /* Build configuration list for PBXProject "opendatacon" */;
			compatibilityVersion = "Xcode 3.2";
			developmentRegion = English;
			hasScannedForEncodings = 0;
			knownRegions = (
				en,
			);
			mainGroup = 84009E6A19ADD33F0096E673;
			productRefGroup = 84009E7419ADD33F0096E673 /* Products */;
			projectDirPath = "";
			projectRoot = "";
			targets = (
				84009E7219ADD33F0096E673 /* opendatacon */,
				84009E9F19ADD3D60096E673 /* DNP3Port */,
				84009EA719ADD3E80096E673 /* JSON */,
				84009EAF19ADD3F10096E673 /* JSONPort */,
				84009EB719ADD4000096E673 /* ODC */,
				84009F7C19B13B630096E673 /* WebUI */,
				84009F8919B13D1A0096E673 /* WebUItest */,
			);
		};
/* End PBXProject section */

/* Begin PBXSourcesBuildPhase section */
		84009E6F19ADD33F0096E673 /* Sources */ = {
			isa = PBXSourcesBuildPhase;
			buildActionMask = 2147483647;
			files = (
				84009E9B19ADD3960096E673 /* tinycon.cpp in Sources */,
				84009E9419ADD3960096E673 /* AdvancedLogger.cpp in Sources */,
				84009E9619ADD3960096E673 /* DataConcentrator.cpp in Sources */,
				84009E9519ADD3960096E673 /* Console.cpp in Sources */,
				84009E9819ADD3960096E673 /* logging_cmds.cpp in Sources */,
				84009E9A19ADD3960096E673 /* main.cpp in Sources */,
				84009E9719ADD3960096E673 /* DataConnector.cpp in Sources */,
				84009E9919ADD3960096E673 /* LogToFile.cpp in Sources */,
			);
			runOnlyForDeploymentPostprocessing = 0;
		};
		84009E9C19ADD3D60096E673 /* Sources */ = {
			isa = PBXSourcesBuildPhase;
			buildActionMask = 2147483647;
			files = (
				84009ECF19ADD40C0096E673 /* CommandCorrespondant.cpp in Sources */,
				84009ED319ADD40C0096E673 /* DNP3OutstationPort.cpp in Sources */,
				84009EDA19ADD40C0096E673 /* main.cpp in Sources */,
				84009ED719ADD40C0096E673 /* DNP3Port.cpp in Sources */,
				84009ED119ADD40C0096E673 /* DNP3MasterPort.cpp in Sources */,
				84009ED519ADD40C0096E673 /* DNP3PointConf.cpp in Sources */,
			);
			runOnlyForDeploymentPostprocessing = 0;
		};
		84009EA419ADD3E80096E673 /* Sources */ = {
			isa = PBXSourcesBuildPhase;
			buildActionMask = 2147483647;
			files = (
				84009EE819ADD4140096E673 /* jsoncpp.cpp in Sources */,
			);
			runOnlyForDeploymentPostprocessing = 0;
		};
		84009EAC19ADD3F10096E673 /* Sources */ = {
			isa = PBXSourcesBuildPhase;
			buildActionMask = 2147483647;
			files = (
				84009EFA19ADD41B0096E673 /* JSONPointConf.cpp in Sources */,
				84009EFD19ADD41B0096E673 /* JSONPortConf.cpp in Sources */,
				84009EFF19ADD41B0096E673 /* main.cpp in Sources */,
				84009EF819ADD41B0096E673 /* JSONClientPort.cpp in Sources */,
			);
			runOnlyForDeploymentPostprocessing = 0;
		};
		84009EB419ADD4000096E673 /* Sources */ = {
			isa = PBXSourcesBuildPhase;
			buildActionMask = 2147483647;
			files = (
				8481CC4919C425A200BE84E8 /* DataConnectorCollection.cpp in Sources */,
				84009F1519ADD4210096E673 /* IOHandler.cpp in Sources */,
				84009F1019ADD4210096E673 /* ConfigParser.cpp in Sources */,
				8481CC4519C4067800BE84E8 /* DataPortCollection.cpp in Sources */,
				84009F1819ADD4210096E673 /* util.cpp in Sources */,
			);
			runOnlyForDeploymentPostprocessing = 0;
		};
		84009F7919B13B630096E673 /* Sources */ = {
			isa = PBXSourcesBuildPhase;
			buildActionMask = 2147483647;
			files = (
				84009F8119B13B6F0096E673 /* WebUI.cpp in Sources */,
			);
			runOnlyForDeploymentPostprocessing = 0;
		};
		84009F8619B13D1A0096E673 /* Sources */ = {
			isa = PBXSourcesBuildPhase;
			buildActionMask = 2147483647;
			files = (
				84009F8D19B13D1A0096E673 /* main.cpp in Sources */,
			);
			runOnlyForDeploymentPostprocessing = 0;
		};
/* End PBXSourcesBuildPhase section */

/* Begin PBXTargetDependency section */
		84009F1D19ADD43E0096E673 /* PBXTargetDependency */ = {
			isa = PBXTargetDependency;
			target = 84009EB719ADD4000096E673 /* ODC */;
			targetProxy = 84009F1C19ADD43E0096E673 /* PBXContainerItemProxy */;
		};
		84009F1F19ADD4410096E673 /* PBXTargetDependency */ = {
			isa = PBXTargetDependency;
			target = 84009EA719ADD3E80096E673 /* JSON */;
			targetProxy = 84009F1E19ADD4410096E673 /* PBXContainerItemProxy */;
		};
		84009F4419ADD7AF0096E673 /* PBXTargetDependency */ = {
			isa = PBXTargetDependency;
			target = 84009EA719ADD3E80096E673 /* JSON */;
			targetProxy = 84009F4319ADD7AF0096E673 /* PBXContainerItemProxy */;
		};
		84009F8319B13CB70096E673 /* PBXTargetDependency */ = {
			isa = PBXTargetDependency;
			target = 84009EA719ADD3E80096E673 /* JSON */;
			targetProxy = 84009F8219B13CB70096E673 /* PBXContainerItemProxy */;
		};
		84009F9419B13D2B0096E673 /* PBXTargetDependency */ = {
			isa = PBXTargetDependency;
			target = 84009F7C19B13B630096E673 /* WebUI */;
			targetProxy = 84009F9319B13D2B0096E673 /* PBXContainerItemProxy */;
		};
		84009F9D19B179B90096E673 /* PBXTargetDependency */ = {
			isa = PBXTargetDependency;
			target = 84009F7C19B13B630096E673 /* WebUI */;
			targetProxy = 84009F9C19B179B90096E673 /* PBXContainerItemProxy */;
		};
		84009FA319B17F1C0096E673 /* PBXTargetDependency */ = {
			isa = PBXTargetDependency;
			target = 84009EA719ADD3E80096E673 /* JSON */;
			targetProxy = 84009FA219B17F1C0096E673 /* PBXContainerItemProxy */;
		};
		84009FA719B17F240096E673 /* PBXTargetDependency */ = {
			isa = PBXTargetDependency;
			target = 84009EB719ADD4000096E673 /* ODC */;
			targetProxy = 84009FA619B17F240096E673 /* PBXContainerItemProxy */;
		};
		84009FAF19B183300096E673 /* PBXTargetDependency */ = {
			isa = PBXTargetDependency;
			target = 84009E9F19ADD3D60096E673 /* DNP3Port */;
			targetProxy = 84009FAE19B183300096E673 /* PBXContainerItemProxy */;
		};
		84009FB119B183300096E673 /* PBXTargetDependency */ = {
			isa = PBXTargetDependency;
			target = 84009EAF19ADD3F10096E673 /* JSONPort */;
			targetProxy = 84009FB019B183300096E673 /* PBXContainerItemProxy */;
		};
/* End PBXTargetDependency section */

/* Begin XCBuildConfiguration section */
		84009E7A19ADD33F0096E673 /* Debug */ = {
			isa = XCBuildConfiguration;
			buildSettings = {
				ALWAYS_SEARCH_USER_PATHS = YES;
				CLANG_CXX_LANGUAGE_STANDARD = "gnu++0x";
				CLANG_CXX_LIBRARY = "libc++";
				CLANG_ENABLE_MODULES = YES;
				CLANG_ENABLE_OBJC_ARC = YES;
				CLANG_WARN_BOOL_CONVERSION = YES;
				CLANG_WARN_CONSTANT_CONVERSION = YES;
				CLANG_WARN_DIRECT_OBJC_ISA_USAGE = YES_ERROR;
				CLANG_WARN_EMPTY_BODY = YES;
				CLANG_WARN_ENUM_CONVERSION = YES;
				CLANG_WARN_INT_CONVERSION = YES;
				CLANG_WARN_OBJC_ROOT_CLASS = YES_ERROR;
				CLANG_WARN__DUPLICATE_METHOD_MATCH = YES;
				COPY_PHASE_STRIP = NO;
				GCC_C_LANGUAGE_STANDARD = gnu99;
				GCC_DYNAMIC_NO_PIC = NO;
				GCC_ENABLE_OBJC_EXCEPTIONS = YES;
				GCC_OPTIMIZATION_LEVEL = 0;
				GCC_PREPROCESSOR_DEFINITIONS = (
					"DEBUG=1",
					"$(inherited)",
				);
				GCC_SYMBOLS_PRIVATE_EXTERN = NO;
				GCC_WARN_64_TO_32_BIT_CONVERSION = YES;
				GCC_WARN_ABOUT_RETURN_TYPE = YES_ERROR;
				GCC_WARN_UNDECLARED_SELECTOR = YES;
				GCC_WARN_UNINITIALIZED_AUTOS = YES_AGGRESSIVE;
				GCC_WARN_UNUSED_FUNCTION = YES;
				GCC_WARN_UNUSED_VARIABLE = YES;
				HEADER_SEARCH_PATHS = (
					"$(inherited)",
					/Applications/Xcode.app/Contents/Developer/Toolchains/XcodeDefault.xctoolchain/usr/include,
					/usr/local/include,
				);
				LIBRARY_SEARCH_PATHS = (
					"$(PROJECT_DIR)/lib",
					/usr/local/lib,
				);
				MACOSX_DEPLOYMENT_TARGET = 10.9;
				ONLY_ACTIVE_ARCH = YES;
				SDKROOT = macosx;
				USER_HEADER_SEARCH_PATHS = "\"$(SRCROOT)/include\" $(SRCROOT)/ODC";
			};
			name = Debug;
		};
		84009E7B19ADD33F0096E673 /* Release */ = {
			isa = XCBuildConfiguration;
			buildSettings = {
				ALWAYS_SEARCH_USER_PATHS = YES;
				CLANG_CXX_LANGUAGE_STANDARD = "gnu++0x";
				CLANG_CXX_LIBRARY = "libc++";
				CLANG_ENABLE_MODULES = YES;
				CLANG_ENABLE_OBJC_ARC = YES;
				CLANG_WARN_BOOL_CONVERSION = YES;
				CLANG_WARN_CONSTANT_CONVERSION = YES;
				CLANG_WARN_DIRECT_OBJC_ISA_USAGE = YES_ERROR;
				CLANG_WARN_EMPTY_BODY = YES;
				CLANG_WARN_ENUM_CONVERSION = YES;
				CLANG_WARN_INT_CONVERSION = YES;
				CLANG_WARN_OBJC_ROOT_CLASS = YES_ERROR;
				CLANG_WARN__DUPLICATE_METHOD_MATCH = YES;
				COPY_PHASE_STRIP = YES;
				DEBUG_INFORMATION_FORMAT = "dwarf-with-dsym";
				ENABLE_NS_ASSERTIONS = NO;
				GCC_C_LANGUAGE_STANDARD = gnu99;
				GCC_ENABLE_OBJC_EXCEPTIONS = YES;
				GCC_WARN_64_TO_32_BIT_CONVERSION = YES;
				GCC_WARN_ABOUT_RETURN_TYPE = YES_ERROR;
				GCC_WARN_UNDECLARED_SELECTOR = YES;
				GCC_WARN_UNINITIALIZED_AUTOS = YES_AGGRESSIVE;
				GCC_WARN_UNUSED_FUNCTION = YES;
				GCC_WARN_UNUSED_VARIABLE = YES;
				HEADER_SEARCH_PATHS = (
					"$(inherited)",
					/Applications/Xcode.app/Contents/Developer/Toolchains/XcodeDefault.xctoolchain/usr/include,
					/usr/local/include,
				);
				LIBRARY_SEARCH_PATHS = (
					"$(PROJECT_DIR)/lib",
					/usr/local/lib,
				);
				MACOSX_DEPLOYMENT_TARGET = 10.9;
				SDKROOT = macosx;
				USER_HEADER_SEARCH_PATHS = "\"$(SRCROOT)/include\" $(SRCROOT)/ODC";
			};
			name = Release;
		};
		84009E7D19ADD33F0096E673 /* Debug */ = {
			isa = XCBuildConfiguration;
			buildSettings = {
				PRODUCT_NAME = "$(TARGET_NAME)";
			};
			name = Debug;
		};
		84009E7E19ADD33F0096E673 /* Release */ = {
			isa = XCBuildConfiguration;
			buildSettings = {
				PRODUCT_NAME = "$(TARGET_NAME)";
			};
			name = Release;
		};
		84009EA219ADD3D60096E673 /* Debug */ = {
			isa = XCBuildConfiguration;
			buildSettings = {
				EXECUTABLE_PREFIX = lib;
				GCC_PREPROCESSOR_DEFINITIONS = (
					"DEBUG=1",
					"$(inherited)",
				);
				LIBRARY_SEARCH_PATHS = (
					"$(inherited)",
					"$(PROJECT_DIR)/lib",
				);
				PRODUCT_NAME = "$(TARGET_NAME)";
			};
			name = Debug;
		};
		84009EA319ADD3D60096E673 /* Release */ = {
			isa = XCBuildConfiguration;
			buildSettings = {
				EXECUTABLE_PREFIX = lib;
				LIBRARY_SEARCH_PATHS = (
					"$(inherited)",
					"$(PROJECT_DIR)/lib",
				);
				PRODUCT_NAME = "$(TARGET_NAME)";
			};
			name = Release;
		};
		84009EAA19ADD3E80096E673 /* Debug */ = {
			isa = XCBuildConfiguration;
			buildSettings = {
				EXECUTABLE_PREFIX = lib;
				GCC_PREPROCESSOR_DEFINITIONS = (
					"DEBUG=1",
					"$(inherited)",
				);
				PRODUCT_NAME = "$(TARGET_NAME)";
			};
			name = Debug;
		};
		84009EAB19ADD3E80096E673 /* Release */ = {
			isa = XCBuildConfiguration;
			buildSettings = {
				EXECUTABLE_PREFIX = lib;
				PRODUCT_NAME = "$(TARGET_NAME)";
			};
			name = Release;
		};
		84009EB219ADD3F10096E673 /* Debug */ = {
			isa = XCBuildConfiguration;
			buildSettings = {
				EXECUTABLE_PREFIX = lib;
				GCC_PREPROCESSOR_DEFINITIONS = (
					"DEBUG=1",
					"$(inherited)",
				);
				LIBRARY_SEARCH_PATHS = (
					"$(inherited)",
					"$(PROJECT_DIR)/lib",
				);
				PRODUCT_NAME = "$(TARGET_NAME)";
			};
			name = Debug;
		};
		84009EB319ADD3F10096E673 /* Release */ = {
			isa = XCBuildConfiguration;
			buildSettings = {
				EXECUTABLE_PREFIX = lib;
				LIBRARY_SEARCH_PATHS = (
					"$(inherited)",
					"$(PROJECT_DIR)/lib",
				);
				PRODUCT_NAME = "$(TARGET_NAME)";
			};
			name = Release;
		};
		84009EBA19ADD4000096E673 /* Debug */ = {
			isa = XCBuildConfiguration;
			buildSettings = {
				EXECUTABLE_PREFIX = lib;
				GCC_PREPROCESSOR_DEFINITIONS = (
					"DEBUG=1",
					"$(inherited)",
				);
				LIBRARY_SEARCH_PATHS = (
					"$(inherited)",
					"$(PROJECT_DIR)/lib",
				);
				PRODUCT_NAME = "$(TARGET_NAME)";
			};
			name = Debug;
		};
		84009EBB19ADD4000096E673 /* Release */ = {
			isa = XCBuildConfiguration;
			buildSettings = {
				EXECUTABLE_PREFIX = lib;
				LIBRARY_SEARCH_PATHS = (
					"$(inherited)",
					"$(PROJECT_DIR)/lib",
				);
				PRODUCT_NAME = "$(TARGET_NAME)";
			};
			name = Release;
		};
		84009F7F19B13B630096E673 /* Debug */ = {
			isa = XCBuildConfiguration;
			buildSettings = {
				EXECUTABLE_PREFIX = lib;
				GCC_PREPROCESSOR_DEFINITIONS = (
					"DEBUG=1",
					"$(inherited)",
				);
				PRODUCT_NAME = "$(TARGET_NAME)";
			};
			name = Debug;
		};
		84009F8019B13B630096E673 /* Release */ = {
			isa = XCBuildConfiguration;
			buildSettings = {
				EXECUTABLE_PREFIX = lib;
				PRODUCT_NAME = "$(TARGET_NAME)";
			};
			name = Release;
		};
		84009F9119B13D1A0096E673 /* Debug */ = {
			isa = XCBuildConfiguration;
			buildSettings = {
				GCC_PREPROCESSOR_DEFINITIONS = (
					"DEBUG=1",
					"$(inherited)",
				);
				PRODUCT_NAME = "$(TARGET_NAME)";
			};
			name = Debug;
		};
		84009F9219B13D1A0096E673 /* Release */ = {
			isa = XCBuildConfiguration;
			buildSettings = {
				PRODUCT_NAME = "$(TARGET_NAME)";
			};
			name = Release;
		};
/* End XCBuildConfiguration section */

/* Begin XCConfigurationList section */
		84009E6E19ADD33F0096E673 /* Build configuration list for PBXProject "opendatacon" */ = {
			isa = XCConfigurationList;
			buildConfigurations = (
				84009E7A19ADD33F0096E673 /* Debug */,
				84009E7B19ADD33F0096E673 /* Release */,
			);
			defaultConfigurationIsVisible = 0;
			defaultConfigurationName = Release;
		};
		84009E7C19ADD33F0096E673 /* Build configuration list for PBXNativeTarget "opendatacon" */ = {
			isa = XCConfigurationList;
			buildConfigurations = (
				84009E7D19ADD33F0096E673 /* Debug */,
				84009E7E19ADD33F0096E673 /* Release */,
			);
			defaultConfigurationIsVisible = 0;
			defaultConfigurationName = Release;
		};
		84009EA119ADD3D60096E673 /* Build configuration list for PBXNativeTarget "DNP3Port" */ = {
			isa = XCConfigurationList;
			buildConfigurations = (
				84009EA219ADD3D60096E673 /* Debug */,
				84009EA319ADD3D60096E673 /* Release */,
			);
			defaultConfigurationIsVisible = 0;
			defaultConfigurationName = Release;
		};
		84009EA919ADD3E80096E673 /* Build configuration list for PBXNativeTarget "JSON" */ = {
			isa = XCConfigurationList;
			buildConfigurations = (
				84009EAA19ADD3E80096E673 /* Debug */,
				84009EAB19ADD3E80096E673 /* Release */,
			);
			defaultConfigurationIsVisible = 0;
			defaultConfigurationName = Release;
		};
		84009EB119ADD3F10096E673 /* Build configuration list for PBXNativeTarget "JSONPort" */ = {
			isa = XCConfigurationList;
			buildConfigurations = (
				84009EB219ADD3F10096E673 /* Debug */,
				84009EB319ADD3F10096E673 /* Release */,
			);
			defaultConfigurationIsVisible = 0;
			defaultConfigurationName = Release;
		};
		84009EB919ADD4000096E673 /* Build configuration list for PBXNativeTarget "ODC" */ = {
			isa = XCConfigurationList;
			buildConfigurations = (
				84009EBA19ADD4000096E673 /* Debug */,
				84009EBB19ADD4000096E673 /* Release */,
			);
			defaultConfigurationIsVisible = 0;
			defaultConfigurationName = Release;
		};
		84009F7E19B13B630096E673 /* Build configuration list for PBXNativeTarget "WebUI" */ = {
			isa = XCConfigurationList;
			buildConfigurations = (
				84009F7F19B13B630096E673 /* Debug */,
				84009F8019B13B630096E673 /* Release */,
			);
			defaultConfigurationIsVisible = 0;
			defaultConfigurationName = Release;
		};
		84009F9019B13D1A0096E673 /* Build configuration list for PBXNativeTarget "WebUItest" */ = {
			isa = XCConfigurationList;
			buildConfigurations = (
				84009F9119B13D1A0096E673 /* Debug */,
				84009F9219B13D1A0096E673 /* Release */,
			);
			defaultConfigurationIsVisible = 0;
			defaultConfigurationName = Release;
		};
/* End XCConfigurationList section */
	};
	rootObject = 84009E6B19ADD33F0096E673 /* Project object */;
}
