<?xml version="1.0" encoding="utf-8"?>
<Project ToolsVersion="4.0" xmlns="http://schemas.microsoft.com/developer/msbuild/2003">
  <ItemGroup>
    <Filter Include="Source Files">
      <UniqueIdentifier>{4FC737F1-C7A5-4376-A066-2A32D752A2FF}</UniqueIdentifier>
      <Extensions>cpp;c;cc;cxx;def;odl;idl;hpj;bat;asm;asmx</Extensions>
    </Filter>
    <Filter Include="Header Files">
      <UniqueIdentifier>{93995380-89BD-4b04-88EB-625FBE52EBFB}</UniqueIdentifier>
      <Extensions>h;hh;hpp;hxx;hm;inl;inc;xsd</Extensions>
    </Filter>
    <Filter Include="Resource Files">
      <UniqueIdentifier>{67DA6AB6-F800-4c08-8B7A-83BB121AAD01}</UniqueIdentifier>
      <Extensions>rc;ico;cur;bmp;dlg;rc2;rct;bin;rgs;gif;jpg;jpeg;jpe;resx;tiff;tif;png;wav;mfcribbon-ms</Extensions>
    </Filter>
    <Filter Include="include">
      <UniqueIdentifier>{4080d112-a960-446c-a550-d7811f07d5f3}</UniqueIdentifier>
    </Filter>
    <Filter Include="JSONPort">
      <UniqueIdentifier>{3e0c5ca9-f45d-4f91-bb39-03bd8315494b}</UniqueIdentifier>
    </Filter>
  </ItemGroup>
  <ItemGroup>
    <ClCompile Include="IOHandler.cpp">
      <Filter>Source Files</Filter>
    </ClCompile>
    <ClCompile Include="JSONPointConf.cpp">
      <Filter>Source Files</Filter>
    </ClCompile>
    <ClCompile Include="main.cpp">
      <Filter>Source Files</Filter>
    </ClCompile>
    <ClCompile Include="DataConcentrator.cpp">
      <Filter>Source Files</Filter>
    </ClCompile>
    <ClCompile Include="DataConnector.cpp">
      <Filter>Source Files</Filter>
    </ClCompile>
    <ClCompile Include="DNP3MasterPort.cpp">
      <Filter>Source Files</Filter>
    </ClCompile>
    <ClCompile Include="DNP3OutstationPort.cpp">
      <Filter>Source Files</Filter>
    </ClCompile>
    <ClCompile Include="DNP3PointConf.cpp">
      <Filter>Source Files</Filter>
    </ClCompile>
    <ClCompile Include="DNP3Port.cpp">
      <Filter>Source Files</Filter>
    </ClCompile>
    <ClCompile Include="ConfigParser.cpp">
      <Filter>Source Files</Filter>
    </ClCompile>
    <ClCompile Include="Console.cpp">
      <Filter>Source Files</Filter>
    </ClCompile>
    <ClCompile Include="logging_cmds.cpp">
      <Filter>Source Files</Filter>
    </ClCompile>
    <ClCompile Include="LogToFile.cpp">
      <Filter>Source Files</Filter>
    </ClCompile>
    <ClCompile Include="LogToStdioAdv.cpp">
      <Filter>Source Files</Filter>
    </ClCompile>
    <ClCompile Include="tinycon.cpp">
      <Filter>Source Files</Filter>
    </ClCompile>
    <ClCompile Include="util.cpp">
      <Filter>Source Files</Filter>
    </ClCompile>
    <ClCompile Include="CommandCorrespondant.cpp">
      <Filter>Source Files</Filter>
    </ClCompile>
    <ClCompile Include="..\JSONPort\JSONPortConf.cpp">
      <Filter>JSONPort</Filter>
    </ClCompile>
    <ClCompile Include="..\JSONPort\JSONClientPort.cpp">
      <Filter>JSONPort</Filter>
    </ClCompile>
    <ClCompile Include="..\JSONPort\jsoncpp.cpp">
      <Filter>JSONPort</Filter>
    </ClCompile>
  </ItemGroup>
  <ItemGroup>
    <ClInclude Include="DNP3PointConf.h">
      <Filter>Header Files</Filter>
    </ClInclude>
    <ClInclude Include="DNP3Port.h">
      <Filter>Header Files</Filter>
    </ClInclude>
    <ClInclude Include="DNP3PortConf.h">
      <Filter>Header Files</Filter>
    </ClInclude>
    <ClInclude Include="IndexOffsetTransform.h">
      <Filter>Header Files</Filter>
    </ClInclude>
    <ClInclude Include="IOHandler.h">
      <Filter>Header Files</Filter>
    </ClInclude>
    <ClInclude Include="JSONPointConf.h">
      <Filter>Header Files</Filter>
    </ClInclude>
    <ClInclude Include="NullPort.h">
      <Filter>Header Files</Filter>
    </ClInclude>
    <ClInclude Include="Transform.h">
      <Filter>Header Files</Filter>
    </ClInclude>
    <ClInclude Include="CommandCallbackPromise.h">
      <Filter>Header Files</Filter>
    </ClInclude>
    <ClInclude Include="DataConcentrator.h">
      <Filter>Header Files</Filter>
    </ClInclude>
    <ClInclude Include="DataConnector.h">
      <Filter>Header Files</Filter>
    </ClInclude>
    <ClInclude Include="DataPointConf.h">
      <Filter>Header Files</Filter>
    </ClInclude>
    <ClInclude Include="DataPort.h">
      <Filter>Header Files</Filter>
    </ClInclude>
    <ClInclude Include="DataPortConf.h">
      <Filter>Header Files</Filter>
    </ClInclude>
    <ClInclude Include="DNP3MasterPort.h">
      <Filter>Header Files</Filter>
    </ClInclude>
    <ClInclude Include="DNP3OutstationPort.h">
      <Filter>Header Files</Filter>
    </ClInclude>
    <ClInclude Include="AddrConf.h">
      <Filter>Header Files</Filter>
    </ClInclude>
    <ClInclude Include="ConfigParser.h">
      <Filter>Header Files</Filter>
    </ClInclude>
    <ClInclude Include="Console.h">
      <Filter>Header Files</Filter>
    </ClInclude>
    <ClInclude Include="logging_cmds.h">
      <Filter>Header Files</Filter>
    </ClInclude>
    <ClInclude Include="LogToFile.h">
      <Filter>Header Files</Filter>
    </ClInclude>
    <ClInclude Include="LogToStdioAdv.h">
      <Filter>Header Files</Filter>
    </ClInclude>
    <ClInclude Include="tinycon.h">
      <Filter>Header Files</Filter>
    </ClInclude>
    <ClInclude Include="util.h">
      <Filter>Header Files</Filter>
    </ClInclude>
    <ClInclude Include="CommandCorrespondant.h">
      <Filter>Header Files</Filter>
    </ClInclude>
    <ClInclude Include="..\JSONPort\json\json.h">
      <Filter>JSONPort</Filter>
    </ClInclude>
    <ClInclude Include="..\JSONPort\JSONPortConf.h">
      <Filter>JSONPort</Filter>
    </ClInclude>
    <ClInclude Include="..\JSONPort\JSONClientPort.h">
      <Filter>JSONPort</Filter>
    </ClInclude>
    <ClInclude Include="..\JSONPort\JSONPort.h">
      <Filter>JSONPort</Filter>
    </ClInclude>
  </ItemGroup>
</Project>